
Microsoft Visual Studio Solution File, Format Version 12.00
# Visual Studio Version 16
VisualStudioVersion = 16.0.33927.289
MinimumVisualStudioVersion = 10.0.40219.1
Project("{2150E333-8FDC-42A3-9474-1A3956D46DE8}") = "Task0", "Task0", "{6FA2B9F8-BAE1-4507-9062-8DBD7DD1D53E}"
EndProject
Project("{8BC9CEB8-8B4A-11D0-8D11-00A0C91BC942}") = "Tyuiu.ZhdanovaAA.Sprint1.Task0.V0", "Tyuiu.ZhdanovaAA.Sprint1.Task0.V0\Tyuiu.ZhdanovaAA.Sprint1.Task0.V0.vcxproj", "{30B293EA-A35B-4BF0-8C02-27D06507FE9C}"
EndProject
Project("{8BC9CEB8-8B4A-11D0-8D11-00A0C91BC942}") = "Tyuiu.ZhdanovaAA.Sprint1.Task0.Test", "Tyuiu.ZhdanovaAA.Sprint1.Task0.Test\Tyuiu.ZhdanovaAA.Sprint1.Task0.Test.vcxproj", "{D11BF6C2-F28F-4594-8363-1817AB1D6CCB}"
EndProject
Project("{8BC9CEB8-8B4A-11D0-8D11-00A0C91BC942}") = "Tyuiu.ZhdanovaAA.Sprint1.Task0.Lib", "Tyuiu.ZhdanovaAA.Sprint1.Task0.Lib\Tyuiu.ZhdanovaAA.Sprint1.Task0.Lib.vcxproj", "{4E994F42-9A1D-4DC7-9F94-E5A0BD263DBA}"
EndProject
Project("{8BC9CEB8-8B4A-11D0-8D11-00A0C91BC942}") = "Tyuiu.ZhdanovaAA.Sprint1.Task0.V2", "Tyuiu.ZhdanovaAA.Sprint1.Task0.V2\Tyuiu.ZhdanovaAA.Sprint1.Task0.V2.vcxproj", "{B792F3A1-B307-4510-9BDC-E5242BFADD4E}"
EndProject
Project("{8BC9CEB8-8B4A-11D0-8D11-00A0C91BC942}") = "Tyuiu.ZhdanovaAA.Sprint1.Task0.V4", "Tyuiu.ZhdanovaAA.Sprint1.Task0.V4\Tyuiu.ZhdanovaAA.Sprint1.Task0.V4.vcxproj", "{D5BCF5C0-A80D-46B0-B366-8FBEC24CE3C4}"
EndProject
Project("{8BC9CEB8-8B4A-11D0-8D11-00A0C91BC942}") = "Tyuiu.ZhdanovaAA.Sprint1.Task0.V1", "Tyuiu.ZhdanovaAA.Sprint1.Task0.V1\Tyuiu.ZhdanovaAA.Sprint1.Task0.V1.vcxproj", "{F55A67E1-5600-43DF-A615-0C7EA11DCA70}"
EndProject
Project("{2150E333-8FDC-42A3-9474-1A3956D46DE8}") = "Task1", "Task1", "{65999955-AF0C-4224-99D1-426754BBA3A0}"
EndProject
Project("{8BC9CEB8-8B4A-11D0-8D11-00A0C91BC942}") = "Tyuiu.ZhdanovaAA.Sprint1.Task1.V2", "Tyuiu.ZhdanovaAA.Sprint1.Task1.V2\Tyuiu.ZhdanovaAA.Sprint1.Task1.V2.vcxproj", "{0B387672-E0D2-45BF-9DCD-088073266E79}"
EndProject
Project("{8BC9CEB8-8B4A-11D0-8D11-00A0C91BC942}") = "Tyuiu.ZhdanovaAA.Sprint1.Task1.Test", "Tyuiu.ZhdanovaAA.Sprint1.Task1.Test\Tyuiu.ZhdanovaAA.Sprint1.Task1.Test.vcxproj", "{1E725930-353F-400F-AF90-D7A689217CC5}"
EndProject
Project("{8BC9CEB8-8B4A-11D0-8D11-00A0C91BC942}") = "Tyuiu.ZhdanovaAA.Sprint1.Task1.Lib", "Tyuiu.ZhdanovaAA.Sprint1.Task1.Lib\Tyuiu.ZhdanovaAA.Sprint1.Task1.Lib.vcxproj", "{F73D3039-75C4-41AF-A40A-30BFC9E71162}"
EndProject
Project("{2150E333-8FDC-42A3-9474-1A3956D46DE8}") = "Task2", "Task2", "{29BE84A7-2E4D-4130-8B91-38A222DF9735}"
EndProject
Project("{8BC9CEB8-8B4A-11D0-8D11-00A0C91BC942}") = "Tyuiu.ZhdanovaAA.Sprint1.Task2.V2", "Tyuiu.ZhdanovaAA.Sprint1.Task2.V2\Tyuiu.ZhdanovaAA.Sprint1.Task2.V2.vcxproj", "{EFB14C95-A581-4499-B46F-CD0982F8717F}"
EndProject
Project("{8BC9CEB8-8B4A-11D0-8D11-00A0C91BC942}") = "Tyuiu.ZhdanovaAA.Sprint1.Task2.Lib", "Tyuiu.ZhdanovaAA.Sprint1.Task2.Lib\Tyuiu.ZhdanovaAA.Sprint1.Task2.Lib.vcxproj", "{89FC7168-92BD-4114-89D1-D4A9DAD4AFF0}"
EndProject
Project("{8BC9CEB8-8B4A-11D0-8D11-00A0C91BC942}") = "Tyuiu.ZhdanovaAA.Sprint1.Task2.Test", "Tyuiu.ZhdanovaAA.Sprint1.Task2.Test\Tyuiu.ZhdanovaAA.Sprint1.Task2.Test.vcxproj", "{ECFD8C6B-99A8-46C8-97B0-378D99BD556D}"
EndProject
Project("{2150E333-8FDC-42A3-9474-1A3956D46DE8}") = "Task3", "Task3", "{D733F7C7-3434-4F1B-A7AB-EB4B6C1B5A61}"
EndProject
Project("{8BC9CEB8-8B4A-11D0-8D11-00A0C91BC942}") = "Tyuiu.ZhdanovaAA.Sprint1.Task3.Test", "Tyuiu.ZhdanovaAA.Sprint1.Task3.Test\Tyuiu.ZhdanovaAA.Sprint1.Task3.Test.vcxproj", "{BEC43003-0914-4EC3-89C6-A61D734487AC}"
EndProject
Project("{8BC9CEB8-8B4A-11D0-8D11-00A0C91BC942}") = "Tyuiu.ZhdanovaAA.Sprint1.Task3.Lib", "Tyuiu.ZhdanovaAA.Sprint1.Task3.Lib\Tyuiu.ZhdanovaAA.Sprint1.Task3.Lib.vcxproj", "{FA52FB66-117A-4185-A1F7-15F6764DAF22}"
EndProject
Project("{8BC9CEB8-8B4A-11D0-8D11-00A0C91BC942}") = "Tyuiu.ZhdanovaAA.Sprint1.Task3", "Tyuiu.ZhdanovaAA.Sprint1.Task3\Tyuiu.ZhdanovaAA.Sprint1.Task3.vcxproj", "{140DD055-A23C-480A-9956-41A10424C02A}"
EndProject
Global
	GlobalSection(SolutionConfigurationPlatforms) = preSolution
		Debug|x64 = Debug|x64
		Debug|x86 = Debug|x86
		Release|x64 = Release|x64
		Release|x86 = Release|x86
	EndGlobalSection
	GlobalSection(ProjectConfigurationPlatforms) = postSolution
		{30B293EA-A35B-4BF0-8C02-27D06507FE9C}.Debug|x64.ActiveCfg = Debug|x64
		{30B293EA-A35B-4BF0-8C02-27D06507FE9C}.Debug|x64.Build.0 = Debug|x64
		{30B293EA-A35B-4BF0-8C02-27D06507FE9C}.Debug|x86.ActiveCfg = Debug|Win32
		{30B293EA-A35B-4BF0-8C02-27D06507FE9C}.Debug|x86.Build.0 = Debug|Win32
		{30B293EA-A35B-4BF0-8C02-27D06507FE9C}.Release|x64.ActiveCfg = Release|x64
		{30B293EA-A35B-4BF0-8C02-27D06507FE9C}.Release|x64.Build.0 = Release|x64
		{30B293EA-A35B-4BF0-8C02-27D06507FE9C}.Release|x86.ActiveCfg = Release|Win32
		{30B293EA-A35B-4BF0-8C02-27D06507FE9C}.Release|x86.Build.0 = Release|Win32
		{D11BF6C2-F28F-4594-8363-1817AB1D6CCB}.Debug|x64.ActiveCfg = Debug|x64
		{D11BF6C2-F28F-4594-8363-1817AB1D6CCB}.Debug|x64.Build.0 = Debug|x64
		{D11BF6C2-F28F-4594-8363-1817AB1D6CCB}.Debug|x86.ActiveCfg = Debug|Win32
		{D11BF6C2-F28F-4594-8363-1817AB1D6CCB}.Debug|x86.Build.0 = Debug|Win32
		{D11BF6C2-F28F-4594-8363-1817AB1D6CCB}.Release|x64.ActiveCfg = Release|x64
		{D11BF6C2-F28F-4594-8363-1817AB1D6CCB}.Release|x64.Build.0 = Release|x64
		{D11BF6C2-F28F-4594-8363-1817AB1D6CCB}.Release|x86.ActiveCfg = Release|Win32
		{D11BF6C2-F28F-4594-8363-1817AB1D6CCB}.Release|x86.Build.0 = Release|Win32
		{4E994F42-9A1D-4DC7-9F94-E5A0BD263DBA}.Debug|x64.ActiveCfg = Debug|x64
		{4E994F42-9A1D-4DC7-9F94-E5A0BD263DBA}.Debug|x64.Build.0 = Debug|x64
		{4E994F42-9A1D-4DC7-9F94-E5A0BD263DBA}.Debug|x86.ActiveCfg = Debug|Win32
		{4E994F42-9A1D-4DC7-9F94-E5A0BD263DBA}.Debug|x86.Build.0 = Debug|Win32
		{4E994F42-9A1D-4DC7-9F94-E5A0BD263DBA}.Release|x64.ActiveCfg = Release|x64
		{4E994F42-9A1D-4DC7-9F94-E5A0BD263DBA}.Release|x64.Build.0 = Release|x64
		{4E994F42-9A1D-4DC7-9F94-E5A0BD263DBA}.Release|x86.ActiveCfg = Release|Win32
		{4E994F42-9A1D-4DC7-9F94-E5A0BD263DBA}.Release|x86.Build.0 = Release|Win32
		{B792F3A1-B307-4510-9BDC-E5242BFADD4E}.Debug|x64.ActiveCfg = Debug|x64
		{B792F3A1-B307-4510-9BDC-E5242BFADD4E}.Debug|x64.Build.0 = Debug|x64
		{B792F3A1-B307-4510-9BDC-E5242BFADD4E}.Debug|x86.ActiveCfg = Debug|Win32
		{B792F3A1-B307-4510-9BDC-E5242BFADD4E}.Debug|x86.Build.0 = Debug|Win32
		{B792F3A1-B307-4510-9BDC-E5242BFADD4E}.Release|x64.ActiveCfg = Release|x64
		{B792F3A1-B307-4510-9BDC-E5242BFADD4E}.Release|x64.Build.0 = Release|x64
		{B792F3A1-B307-4510-9BDC-E5242BFADD4E}.Release|x86.ActiveCfg = Release|Win32
		{B792F3A1-B307-4510-9BDC-E5242BFADD4E}.Release|x86.Build.0 = Release|Win32
		{D5BCF5C0-A80D-46B0-B366-8FBEC24CE3C4}.Debug|x64.ActiveCfg = Debug|x64
		{D5BCF5C0-A80D-46B0-B366-8FBEC24CE3C4}.Debug|x64.Build.0 = Debug|x64
		{D5BCF5C0-A80D-46B0-B366-8FBEC24CE3C4}.Debug|x86.ActiveCfg = Debug|Win32
		{D5BCF5C0-A80D-46B0-B366-8FBEC24CE3C4}.Debug|x86.Build.0 = Debug|Win32
		{D5BCF5C0-A80D-46B0-B366-8FBEC24CE3C4}.Release|x64.ActiveCfg = Release|x64
		{D5BCF5C0-A80D-46B0-B366-8FBEC24CE3C4}.Release|x64.Build.0 = Release|x64
		{D5BCF5C0-A80D-46B0-B366-8FBEC24CE3C4}.Release|x86.ActiveCfg = Release|Win32
		{D5BCF5C0-A80D-46B0-B366-8FBEC24CE3C4}.Release|x86.Build.0 = Release|Win32
		{F55A67E1-5600-43DF-A615-0C7EA11DCA70}.Debug|x64.ActiveCfg = Debug|x64
		{F55A67E1-5600-43DF-A615-0C7EA11DCA70}.Debug|x64.Build.0 = Debug|x64
		{F55A67E1-5600-43DF-A615-0C7EA11DCA70}.Debug|x86.ActiveCfg = Debug|Win32
		{F55A67E1-5600-43DF-A615-0C7EA11DCA70}.Debug|x86.Build.0 = Debug|Win32
		{F55A67E1-5600-43DF-A615-0C7EA11DCA70}.Release|x64.ActiveCfg = Release|x64
		{F55A67E1-5600-43DF-A615-0C7EA11DCA70}.Release|x64.Build.0 = Release|x64
		{F55A67E1-5600-43DF-A615-0C7EA11DCA70}.Release|x86.ActiveCfg = Release|Win32
		{F55A67E1-5600-43DF-A615-0C7EA11DCA70}.Release|x86.Build.0 = Release|Win32
		{0B387672-E0D2-45BF-9DCD-088073266E79}.Debug|x64.ActiveCfg = Debug|x64
		{0B387672-E0D2-45BF-9DCD-088073266E79}.Debug|x64.Build.0 = Debug|x64
		{0B387672-E0D2-45BF-9DCD-088073266E79}.Debug|x86.ActiveCfg = Debug|Win32
		{0B387672-E0D2-45BF-9DCD-088073266E79}.Debug|x86.Build.0 = Debug|Win32
		{0B387672-E0D2-45BF-9DCD-088073266E79}.Release|x64.ActiveCfg = Release|x64
		{0B387672-E0D2-45BF-9DCD-088073266E79}.Release|x64.Build.0 = Release|x64
		{0B387672-E0D2-45BF-9DCD-088073266E79}.Release|x86.ActiveCfg = Release|Win32
		{0B387672-E0D2-45BF-9DCD-088073266E79}.Release|x86.Build.0 = Release|Win32
		{1E725930-353F-400F-AF90-D7A689217CC5}.Debug|x64.ActiveCfg = Debug|x64
		{1E725930-353F-400F-AF90-D7A689217CC5}.Debug|x64.Build.0 = Debug|x64
		{1E725930-353F-400F-AF90-D7A689217CC5}.Debug|x86.ActiveCfg = Debug|Win32
		{1E725930-353F-400F-AF90-D7A689217CC5}.Debug|x86.Build.0 = Debug|Win32
		{1E725930-353F-400F-AF90-D7A689217CC5}.Release|x64.ActiveCfg = Release|x64
		{1E725930-353F-400F-AF90-D7A689217CC5}.Release|x64.Build.0 = Release|x64
		{1E725930-353F-400F-AF90-D7A689217CC5}.Release|x86.ActiveCfg = Release|Win32
		{1E725930-353F-400F-AF90-D7A689217CC5}.Release|x86.Build.0 = Release|Win32
		{F73D3039-75C4-41AF-A40A-30BFC9E71162}.Debug|x64.ActiveCfg = Debug|x64
		{F73D3039-75C4-41AF-A40A-30BFC9E71162}.Debug|x64.Build.0 = Debug|x64
		{F73D3039-75C4-41AF-A40A-30BFC9E71162}.Debug|x86.ActiveCfg = Debug|Win32
		{F73D3039-75C4-41AF-A40A-30BFC9E71162}.Debug|x86.Build.0 = Debug|Win32
		{F73D3039-75C4-41AF-A40A-30BFC9E71162}.Release|x64.ActiveCfg = Release|x64
		{F73D3039-75C4-41AF-A40A-30BFC9E71162}.Release|x64.Build.0 = Release|x64
		{F73D3039-75C4-41AF-A40A-30BFC9E71162}.Release|x86.ActiveCfg = Release|Win32
		{F73D3039-75C4-41AF-A40A-30BFC9E71162}.Release|x86.Build.0 = Release|Win32
		{EFB14C95-A581-4499-B46F-CD0982F8717F}.Debug|x64.ActiveCfg = Debug|x64
		{EFB14C95-A581-4499-B46F-CD0982F8717F}.Debug|x64.Build.0 = Debug|x64
		{EFB14C95-A581-4499-B46F-CD0982F8717F}.Debug|x86.ActiveCfg = Debug|Win32
		{EFB14C95-A581-4499-B46F-CD0982F8717F}.Debug|x86.Build.0 = Debug|Win32
		{EFB14C95-A581-4499-B46F-CD0982F8717F}.Release|x64.ActiveCfg = Release|x64
		{EFB14C95-A581-4499-B46F-CD0982F8717F}.Release|x64.Build.0 = Release|x64
		{EFB14C95-A581-4499-B46F-CD0982F8717F}.Release|x86.ActiveCfg = Release|Win32
		{EFB14C95-A581-4499-B46F-CD0982F8717F}.Release|x86.Build.0 = Release|Win32
		{89FC7168-92BD-4114-89D1-D4A9DAD4AFF0}.Debug|x64.ActiveCfg = Debug|x64
		{89FC7168-92BD-4114-89D1-D4A9DAD4AFF0}.Debug|x64.Build.0 = Debug|x64
		{89FC7168-92BD-4114-89D1-D4A9DAD4AFF0}.Debug|x86.ActiveCfg = Debug|Win32
		{89FC7168-92BD-4114-89D1-D4A9DAD4AFF0}.Debug|x86.Build.0 = Debug|Win32
		{89FC7168-92BD-4114-89D1-D4A9DAD4AFF0}.Release|x64.ActiveCfg = Release|x64
		{89FC7168-92BD-4114-89D1-D4A9DAD4AFF0}.Release|x64.Build.0 = Release|x64
		{89FC7168-92BD-4114-89D1-D4A9DAD4AFF0}.Release|x86.ActiveCfg = Release|Win32
		{89FC7168-92BD-4114-89D1-D4A9DAD4AFF0}.Release|x86.Build.0 = Release|Win32
		{ECFD8C6B-99A8-46C8-97B0-378D99BD556D}.Debug|x64.ActiveCfg = Debug|x64
		{ECFD8C6B-99A8-46C8-97B0-378D99BD556D}.Debug|x64.Build.0 = Debug|x64
		{ECFD8C6B-99A8-46C8-97B0-378D99BD556D}.Debug|x86.ActiveCfg = Debug|Win32
		{ECFD8C6B-99A8-46C8-97B0-378D99BD556D}.Debug|x86.Build.0 = Debug|Win32
		{ECFD8C6B-99A8-46C8-97B0-378D99BD556D}.Release|x64.ActiveCfg = Release|x64
		{ECFD8C6B-99A8-46C8-97B0-378D99BD556D}.Release|x64.Build.0 = Release|x64
		{ECFD8C6B-99A8-46C8-97B0-378D99BD556D}.Release|x86.ActiveCfg = Release|Win32
		{ECFD8C6B-99A8-46C8-97B0-378D99BD556D}.Release|x86.Build.0 = Release|Win32
		{BEC43003-0914-4EC3-89C6-A61D734487AC}.Debug|x64.ActiveCfg = Debug|x64
		{BEC43003-0914-4EC3-89C6-A61D734487AC}.Debug|x64.Build.0 = Debug|x64
		{BEC43003-0914-4EC3-89C6-A61D734487AC}.Debug|x86.ActiveCfg = Debug|Win32
		{BEC43003-0914-4EC3-89C6-A61D734487AC}.Debug|x86.Build.0 = Debug|Win32
		{BEC43003-0914-4EC3-89C6-A61D734487AC}.Release|x64.ActiveCfg = Release|x64
		{BEC43003-0914-4EC3-89C6-A61D734487AC}.Release|x64.Build.0 = Release|x64
		{BEC43003-0914-4EC3-89C6-A61D734487AC}.Release|x86.ActiveCfg = Release|Win32
		{BEC43003-0914-4EC3-89C6-A61D734487AC}.Release|x86.Build.0 = Release|Win32
		{FA52FB66-117A-4185-A1F7-15F6764DAF22}.Debug|x64.ActiveCfg = Debug|x64
		{FA52FB66-117A-4185-A1F7-15F6764DAF22}.Debug|x64.Build.0 = Debug|x64
		{FA52FB66-117A-4185-A1F7-15F6764DAF22}.Debug|x86.ActiveCfg = Debug|Win32
		{FA52FB66-117A-4185-A1F7-15F6764DAF22}.Debug|x86.Build.0 = Debug|Win32
		{FA52FB66-117A-4185-A1F7-15F6764DAF22}.Release|x64.ActiveCfg = Release|x64
		{FA52FB66-117A-4185-A1F7-15F6764DAF22}.Release|x64.Build.0 = Release|x64
		{FA52FB66-117A-4185-A1F7-15F6764DAF22}.Release|x86.ActiveCfg = Release|Win32
		{FA52FB66-117A-4185-A1F7-15F6764DAF22}.Release|x86.Build.0 = Release|Win32
		{140DD055-A23C-480A-9956-41A10424C02A}.Debug|x64.ActiveCfg = Debug|x64
		{140DD055-A23C-480A-9956-41A10424C02A}.Debug|x64.Build.0 = Debug|x64
		{140DD055-A23C-480A-9956-41A10424C02A}.Debug|x86.ActiveCfg = Debug|Win32
		{140DD055-A23C-480A-9956-41A10424C02A}.Debug|x86.Build.0 = Debug|Win32
		{140DD055-A23C-480A-9956-41A10424C02A}.Release|x64.ActiveCfg = Release|x64
		{140DD055-A23C-480A-9956-41A10424C02A}.Release|x64.Build.0 = Release|x64
		{140DD055-A23C-480A-9956-41A10424C02A}.Release|x86.ActiveCfg = Release|Win32
		{140DD055-A23C-480A-9956-41A10424C02A}.Release|x86.Build.0 = Release|Win32
	EndGlobalSection
	GlobalSection(SolutionProperties) = preSolution
		HideSolutionNode = FALSE
	EndGlobalSection
	GlobalSection(NestedProjects) = preSolution
		{30B293EA-A35B-4BF0-8C02-27D06507FE9C} = {6FA2B9F8-BAE1-4507-9062-8DBD7DD1D53E}
		{D11BF6C2-F28F-4594-8363-1817AB1D6CCB} = {6FA2B9F8-BAE1-4507-9062-8DBD7DD1D53E}
		{4E994F42-9A1D-4DC7-9F94-E5A0BD263DBA} = {6FA2B9F8-BAE1-4507-9062-8DBD7DD1D53E}
		{B792F3A1-B307-4510-9BDC-E5242BFADD4E} = {6FA2B9F8-BAE1-4507-9062-8DBD7DD1D53E}
		{D5BCF5C0-A80D-46B0-B366-8FBEC24CE3C4} = {6FA2B9F8-BAE1-4507-9062-8DBD7DD1D53E}
		{F55A67E1-5600-43DF-A615-0C7EA11DCA70} = {6FA2B9F8-BAE1-4507-9062-8DBD7DD1D53E}
		{0B387672-E0D2-45BF-9DCD-088073266E79} = {65999955-AF0C-4224-99D1-426754BBA3A0}
		{1E725930-353F-400F-AF90-D7A689217CC5} = {65999955-AF0C-4224-99D1-426754BBA3A0}
		{F73D3039-75C4-41AF-A40A-30BFC9E71162} = {65999955-AF0C-4224-99D1-426754BBA3A0}
		{EFB14C95-A581-4499-B46F-CD0982F8717F} = {29BE84A7-2E4D-4130-8B91-38A222DF9735}
		{89FC7168-92BD-4114-89D1-D4A9DAD4AFF0} = {29BE84A7-2E4D-4130-8B91-38A222DF9735}
		{ECFD8C6B-99A8-46C8-97B0-378D99BD556D} = {29BE84A7-2E4D-4130-8B91-38A222DF9735}
		{BEC43003-0914-4EC3-89C6-A61D734487AC} = {D733F7C7-3434-4F1B-A7AB-EB4B6C1B5A61}
		{FA52FB66-117A-4185-A1F7-15F6764DAF22} = {D733F7C7-3434-4F1B-A7AB-EB4B6C1B5A61}
		{140DD055-A23C-480A-9956-41A10424C02A} = {D733F7C7-3434-4F1B-A7AB-EB4B6C1B5A61}
	EndGlobalSection
	GlobalSection(ExtensibilityGlobals) = postSolution
		SolutionGuid = {DF1D8E54-15C3-4C1F-A8D0-AEDA6E5D6750}
	EndGlobalSection
EndGlobal
